github.com/Compogo/compogo v0.0.4 h1:+ozALZBvjqKe52E7SUgWEDHc8kafApuagq6PpEyaGIg=
github.com/Compogo/compogo v0.0.4/go.mod h1:LbPhr7u4g11Lv8c9tifDnD7aJf3nNRhdsz1LlMdMGcY=
github.com/Compogo/compogo v0.0.5 h1:qY+1cgHFhm/USt//oFjurHJmTona4anEXW17bfvSNjY=
github.com/Compogo/compogo v0.0.5/go.mod h1:LbPhr7u4g11Lv8c9tifDnD7aJf3nNRhdsz1LlMdMGcY=
github.com/Compogo/compogo v0.0.6 h1:revhesGd+4+H8rOxvn2zcASJZOJyJfLEoIm86AWGFik=
github.com/Compogo/compogo v0.0.6/go.mod h1:LbPhr7u4g11Lv8c9tifDnD7aJf3nNRhdsz1LlMdMGcY=
github.com/Compogo/compogo v0.0.7 h1:iMZBJZRrHuQCkRU8WIflADB6mS0wBqDFU0/rM6LPx2g=
github.com/Compogo/compogo v0.0.7/go.mod h1:LbPhr7u4g11Lv8c9tifDnD7aJf3nNRhdsz1LlMdMGcY=
github.com/Compogo/compogo v0.0.8 h1:wa0R+h+L//c/KthWZv4kzDDFdUtajZcBHB/aVeQMie4=
github.com/Compogo/compogo v0.0.8/go.mod h1:LbPhr7u4g11Lv8c9tifDnD7aJf3nNRhdsz1LlMdMGcY=
github.com/Compogo/compogo v0.0.9 h1:xMjAxfFOyG5fDv2/mFw2vF4qllmyhMVSHaWwLbp7GJw=
github.com/Compogo/compogo v0.0.9/go.mod h1:LbPhr7u4g11Lv8c9tifDnD7aJf3nNRhdsz1LlMdMGcY=
github.com/Compogo/compogo v0.0.10 h1:B1b3hNkKfIzM2bvg6G3vhhT1soeVM/slQNXISczEZZ4=
github.com/Compogo/compogo v0.0.10/go.mod h1:LbPhr7u4g11Lv8c9tifDnD7aJf3nNRhdsz1LlMdMGcY=
github.com/Compogo/compogo v0.0.11 h1:K2KPEHUb+nTe/FJu1eFYbliRyWLZcr38Mf6qT2nC40M=
github.com/Compogo/compogo v0.0.11/go.mod h1:LbPhr7u4g11Lv8c9tifDnD7aJf3nNRhdsz1LlMdMGcY=
github.com/Compogo/compogo v0.0.12 h1:lecOm8/nH9X7xihdFcxPB7feYEyMtd/6BSmJ7j+ra7E=
github.com/Compogo/compogo v0.0.12/go.mod h1:LbPhr7u4g11Lv8c9tifDnD7aJf3nNRhdsz1LlMdMGcY=
github.com/Compogo/compogo v0.0.13 h1:+Ajd53hxC6eNql3nqvAhFwMaCbzNy/Eum9ld1JdVBsc=
github.com/Compogo/compogo v0.0.13/go.mod h1:LbPhr7u4g11Lv8c9tifDnD7aJf3nNRhdsz1LlMdMGcY=
github.com/Compogo/compogo v0.0.14 h1:6RthUHQ5zolUlmbv/VIKeFPq5gKPm6zKOK9rFxOT/lk=
github.com/Compogo/compogo v0.0.14/go.mod h1:LbPhr7u4g11Lv8c9tifDnD7aJf3nNRhdsz1LlMdMGcY=
github.com/Compogo/compogo v0.0.15 h1:UpOCQ4HTD8e5KUYXUoHavUDTQ/Ji1uWfN1KbBddVsVk=
github.com/Compogo/compogo v0.0.15/go.mod h1:LbPhr7u4g11Lv8c9tifDnD7aJf3nNRhdsz1LlMdMGcY=
github.com/Compogo/compogo v0.0.17 h1:aoeWoVJOIQb5wRwAgd34VI4+stPAZIh6KqVr6siFUBQ=
github.com/Compogo/compogo v0.0.17/go.mod h1:LbPhr7u4g11Lv8c9tifDnD7aJf3nNRhdsz1LlMdMGcY=
github.com/Compogo/compogo v0.0.18 h1:iUo/GhWXsQEbe++jnR4bL6OEJ+1LNNeOGG30PiySf7o=
github.com/Compogo/compogo v0.0.18/go.mod h1:LbPhr7u4g11Lv8c9tifDnD7aJf3nNRhdsz1LlMdMGcY=
github.com/Compogo/compogo v0.0.19 h1:R89ifirM6Z6Mv+WX6b2CjVe70oQpCM2GsvfOcgYU1iI=
github.com/Compogo/compogo v0.0.19/go.mod h1:LbPhr7u4g11Lv8c9tifDnD7aJf3nNRhdsz1LlMdMGcY=
github.com/Compogo/compogo v0.0.20 h1:HN/sGyO/YcHZmemi9fO48hH8dy/DkLUSGVghFEnQSZI=
github.com/Compogo/compogo v0.0.20/go.mod h1:LbPhr7u4g11Lv8c9tifDnD7aJf3nNRhdsz1LlMdMGcY=
github.com/Compogo/compogo v0.0.23 h1:PZ6SuUeEF+H6nRau45IlK4bsVWBW55xo/x8T7zP6rK4=
github.com/Compogo/compogo v0.0.23/go.mod h1:XHLqDJCqPizXlvJnuoCBGheKyfuD5zJFbFGG16sxGyU=
github.com/Compogo/compogo v0.0.24 h1:x2DW6l9y4PX+GlBjH6rJOb7jw+q7rVh8eKpZHs0zkeY=
github.com/Compogo/compogo v0.0.24/go.mod h1:XHLqDJCqPizXlvJnuoCBGheKyfuD5zJFbFGG16sxGyU=
github.com/Compogo/compogo v0.0.25 h1:7UAcbxirr1IGEIzjVS/QamYZJziNqvRmokJNaGHWq74=
github.com/Compogo/compogo v0.0.25/go.mod h1:+8L3CpmHG1+EDLaW/gVp6NXuQCGDeIt8KObuWfphzu0=
github.com/Compogo/dig v0.0.1 h1:IfajApiNxp+/9BBExvn88Ttm0YyOZjl2SWTKVHcGCZI=
github.com/Compogo/dig v0.0.1/go.mod h1:SZdTCv6vloWzEazAU2dd7GASdAut0wUgCCCwqLoG84o=
github.com/Compogo/dig v0.0.2 h1:48t2ZifoS+KtH/kkBlOGyAeuyJ2CrXZc69x76R9GK6o=
github.com/Compogo/dig v0.0.2/go.mod h1:MII41dKsna+4cP2JkVo1DXlLisK1EUoo4dTxl2ub62I=
github.com/Compogo/dig v0.0.3 h1:UxyPpYHXCb1gIsF6FioDpNAckdXBC4S8jHEdzxEx5+Q=
github.com/Compogo/dig v0.0.3/go.mod h1:OVkrd+S36RShIQDwS0jNJwaJPD1MHnZrRte0POSo+Xk=
github.com/Compogo/dig v0.0.4 h1:RKll6BFtzYXtaHPIxm325sVc4xSUr0brcEDRPNn48Kw=
github.com/Compogo/dig v0.0.4/go.mod h1:b9Aw3FGsd7JDrqjTirXbWsv1GYZM45ZDWZW6TxO1DQU=
github.com/Compogo/dig v0.0.5 h1:GsaxhBVO6dVdN1y3L39lVqZCyx9yydRWuadqjnb/x2s=
github.com/Compogo/dig v0.0.5/go.mod h1:UqVli2uLtm0YhAPM44DZlahsetLaIgDa1whPGoU+NH0=
github.com/Compogo/dig v0.0.6 h1:PtlWctE6DwoAYRS/66h4macexlDoPK6FpOSXTSh9qbw=
github.com/Compogo/dig v0.0.6/go.mod h1:mbjt00Nso/e4HSNS/pbs3jwMavX+6VW13h4kPZgERbk=
github.com/Compogo/logrus v0.0.3 h1:q7rV7Zj5qKOuK2bKVus99JoyDdbgG+1bAq5g6Cd8zfA=
github.com/Compogo/logrus v0.0.3/go.mod h1:0b+rKERrQ8peb+fevcPBSRBtqTxnIrMuGI0SJTL+S04=
github.com/Compogo/logrus v0.0.4 h1:1lEW7WsdLuglFggfsHCyKsWLH6RODeGX8KeaTCWxi9g=
github.com/Compogo/logrus v0.0.4/go.mod h1:tZH3+pn7O2p9ofYA4FSxaFiRQtNx+NOlHA2bXISAhEY=
github.com/Compogo/logrus v0.0.5 h1:FRegBaeH1en5ymppgFTpZ7DPBip9QWWX8VVaQzkz9kY=
github.com/Compogo/logrus v0.0.5/go.mod h1:tZH3+pn7O2p9ofYA4FSxaFiRQtNx+NOlHA2bXISAhEY=
github.com/Compogo/logrus v0.0.6 h1:DK30NUdPS9dxyPdJf9QMF9hGQ9xvVHPBYsrFNLgeeeg=
github.com/Compogo/logrus v0.0.6/go.mod h1:/MZjdhCVa/sdWtB0Jr+Kob8HuF1ShBQrDYTw0kJSkpc=
github.com/Compogo/logrus v0.0.7 h1:mVhSCb+O3fNoBsgpw9bc3vNlgZ5cPc5BrJ9zDYi67EE=
github.com/Compogo/logrus v0.0.7/go.mod h1:x8bPCTWwcLhdW9I+RgFvxYALHsx0kDnP4rKPWhokieg=
github.com/Compogo/logrus v0.0.11 h1:BF3jD1bGBKfw0a7YM74t8EX9YwRkzu0GW0qivQddZeI=
github.com/Compogo/logrus v0.0.11/go.mod h1:LJ4+0L3GgSB5g/CKb4Jdnk1AjPc2l59anZHa9wTNyt4=
github.com/Compogo/logrus v0.0.13 h1:boc1kACJdTTsY6UM9sfRAcf6vTUtwThqTzZFdS6TFwY=
github.com/Compogo/logrus v0.0.13/go.mod h1:cyG+CMWIdXf0WqPbGv0/nJEaYj+/ixnIrQG8kt+n6jY=
github.com/Compogo/tools v0.0.1 h1:oEsD838gwG4xAbKkWerRViLp4Gi+fqT07MJRucDL3vY=
github.com/Compogo/tools v0.0.1/go.mod h1:WMC6OW6nB8hsEMMa/1BR0/CWcDVAfg8Bj2+K08Ufcy4=
github.com/Compogo/types v0.0.5 h1:JBm1raKEJiGHjxclCW21eJv3QvxHGZtNLxdlp4F3Af0=
github.com/Compogo/types v0.0.5/go.mod h1:2wj58tE4RGlT4JsrN9s+M/kdJ4guUOma+jCXNB3WsB4=
github.com/Compogo/types v0.0.9 h1:h8EkhiQHZCK55DyvxyN7hdG/hyOFKMMudtr9YZ25zBA=
github.com/Compogo/types v0.0.9/go.mod h1:2wj58tE4RGlT4JsrN9s+M/kdJ4guUOma+jCXNB3WsB4=
github.com/Compogo/viper v0.0.1 h1:zUMtSFFMM3V17f3P2ziC2dVh/6KshGvg7LJQc1c7z2U=
github.com/Compogo/viper v0.0.1/go.mod h1:vb1JP/cBI/QyzB0JFeNVjCDQiV+0TmoERw5bjztZC8I=
github.com/Compogo/viper v0.0.2 h1:70G/V6o/61cxBIrcGtIzTlLZwhbFE5s+8W8P+/3v920=
github.com/Compogo/viper v0.0.2/go.mod h1:GhEIHt+4UvpP+7vPQ8sWAELyDv5VtffhBMiaZGga1Lk=
github.com/Compogo/viper v0.0.3 h1:MyUBMj0dOYsTS36NODZGkLvVQMTKfWexY7LwnxV3usE=
github.com/Compogo/viper v0.0.3/go.mod h1:GhEIHt+4UvpP+7vPQ8sWAELyDv5VtffhBMiaZGga1Lk=
github.com/Compogo/viper v0.0.4 h1:2nSKV6Q89L3YsAoHS2un7haY5QCqAj5C0AuCP75YQ70=
github.com/Compogo/viper v0.0.4/go.mod h1:GhEIHt+4UvpP+7vPQ8sWAELyDv5VtffhBMiaZGga1Lk=
github.com/Compogo/viper v0.0.5 h1:TZqj7e0lub5bmrAcANs8yZMEGYW40OkVcUXuH0rrJH8=
github.com/Compogo/viper v0.0.5/go.mod h1:GhEIHt+4UvpP+7vPQ8sWAELyDv5VtffhBMiaZGga1Lk=
github.com/Compogo/viper v0.0.6 h1:nVJujknE91vGm7ROOxyH17LyM9zyaEUEgyiiUtsUNPM=
github.com/Compogo/viper v0.0.6/go.mod h1:tY4/Wo0bRJytO8KwkfFZRxqPgiEjPNaVuND7M/w7LIE=
github.com/Compogo/viper v0.0.7 h1:m8MozI3jzUhQpcu8LAjNJHWOZy5HaopDgvshuwp4q0k=
github.com/Compogo/viper v0.0.7/go.mod h1:DezadXlnyv5IqpZONJT0+bkhpHMaZiBYxKbOcieOh4A=
github.com/Compogo/viper v0.0.8 h1:dcuBC07SxlVj69PSEFYAyHAgUIOhHX++JoZz6xDl5qA=
github.com/Compogo/viper v0.0.8/go.mod h1:Rt2sECx+7HcvYRs5MtYUwX66bwh3k4FXsUgXKPM4jQY=
github.com/cpuguy83/go-md2man/v2 v2.0.6/go.mod h1:oOW0eioCTA6cOiMLiUPZOpcVxMig6NIQQ7OS05n1F4g=
github.com/fsnotify/fsnotify v1.9.0 h1:2Ml+OJNzbYCTzsxtv8vKSFD9PbJjmhYF14k/jKC7S9k=
github.com/fsnotify/fsnotify v1.9.0/go.mod h1:8jBTzvmWwFyi3Pb8djgCCO5IBqzKJ/Jwo8TRcHyHii0=
github.com/go-viper/mapstructure/v2 v2.4.0 h1:EBsztssimR/CONLSZZ04E8qAkxNYq4Qp9LvH92wZUgs=
github.com/go-viper/mapstructure/v2 v2.4.0/go.mod h1:oJDH3BJKyqBA2TXFhDsKDGDTlndYOZ6rGS0BRZIxGhM=
github.com/go-viper/mapstructure/v2 v2.5.0 h1:vM5IJoUAy3d7zRSVtIwQgBj7BiWtMPfmPEgAXnvj1Ro=
github.com/go-viper/mapstructure/v2 v2.5.0/go.mod h1:oJDH3BJKyqBA2TXFhDsKDGDTlndYOZ6rGS0BRZIxGhM=
github.com/inconshreveable/mousetrap v1.1.0 h1:wN+x4NVGpMsO7ErUn/mUI3vEoE6Jt13X2s0bqwp9tc8=
github.com/inconshreveable/mousetrap v1.1.0/go.mod h1:vpF70FUmC8bwa3OWnCshd2FqLfsEA9PFc4w1p2J65bw=
github.com/joho/godotenv v1.5.1 h1:7eLL/+HRGLY0ldzfGMeQkb7vMd0as4CfYvUVzLqw0N0=
github.com/joho/godotenv v1.5.1/go.mod h1:f4LDr5Voq0i2e/R5DDNOoa2zzDfwtkZa6DnEwAbqwq4=
github.com/pelletier/go-toml/v2 v2.2.4 h1:mye9XuhQ6gvn5h28+VilKrrPoQVanw5PMw/TB0t5Ec4=
github.com/pelletier/go-toml/v2 v2.2.4/go.mod h1:2gIqNv+qfxSVS7cM2xJQKtLSTLUE9V8t9Stt+h56mCY=
github.com/russross/blackfriday/v2 v2.1.0/go.mod h1:+Rmxgy9KzJVeS9/2gXHxylqXiyQDYRxCVz55jmeOWTM=
github.com/sagikazarmark/locafero v0.11.0 h1:1iurJgmM9G3PA/I+wWYIOw/5SyBtxapeHDcg+AAIFXc=
github.com/sagikazarmark/locafero v0.11.0/go.mod h1:nVIGvgyzw595SUSUE6tvCp3YYTeHs15MvlmU87WwIik=
github.com/sagikazarmark/locafero v0.12.0 h1:/NQhBAkUb4+fH1jivKHWusDYFjMOOKU88eegjfxfHb4=
github.com/sagikazarmark/locafero v0.12.0/go.mod h1:sZh36u/YSZ918v0Io+U9ogLYQJ9tLLBmM4eneO6WwsI=
github.com/sirupsen/logrus v1.9.4 h1:TsZE7l11zFCLZnZ+teH4Umoq5BhEIfIzfRDZ1Uzql2w=
github.com/sirupsen/logrus v1.9.4/go.mod h1:ftWc9WdOfJ0a92nsE2jF5u5ZwH8Bv2zdeOC42RjbV2g=
github.com/sourcegraph/conc v0.3.1-0.20240121214520-5f936abd7ae8 h1:+jumHNA0Wrelhe64i8F6HNlS8pkoyMv5sreGx2Ry5Rw=
github.com/sourcegraph/conc v0.3.1-0.20240121214520-5f936abd7ae8/go.mod h1:3n1Cwaq1E1/1lhQhtRK2ts/ZwZEhjcQeJQ1RuC6Q/8U=
github.com/spf13/afero v1.15.0 h1:b/YBCLWAJdFWJTN9cLhiXXcD7mzKn9Dm86dNnfyQw1I=
github.com/spf13/afero v1.15.0/go.mod h1:NC2ByUVxtQs4b3sIUphxK0NioZnmxgyCrfzeuq8lxMg=
github.com/spf13/cast v1.10.0 h1:h2x0u2shc1QuLHfxi+cTJvs30+ZAHOGRic8uyGTDWxY=
github.com/spf13/cast v1.10.0/go.mod h1:jNfB8QC9IA6ZuY2ZjDp0KtFO2LZZlg4S/7bzP6qqeHo=
github.com/spf13/cobra v1.10.2 h1:DMTTonx5m65Ic0GOoRY2c16WCbHxOOw6xxezuLaBpcU=
github.com/spf13/cobra v1.10.2/go.mod h1:7C1pvHqHw5A4vrJfjNwvOdzYu0Gml16OCs2GRiTUUS4=
github.com/spf13/pflag v1.0.9/go.mod h1:McXfInJRrz4CZXVZOBLb0bTZqETkiAhM9Iw0y3An2Bg=
github.com/spf13/pflag v1.0.10 h1:4EBh2KAYBwaONj6b2Ye1GiHfwjqyROoF4RwYO+vPwFk=
github.com/spf13/pflag v1.0.10/go.mod h1:McXfInJRrz4CZXVZOBLb0bTZqETkiAhM9Iw0y3An2Bg=
github.com/spf13/viper v1.21.0 h1:x5S+0EU27Lbphp4UKm1C+1oQO+rKx36vfCoaVebLFSU=
github.com/spf13/viper v1.21.0/go.mod h1:P0lhsswPGWD/1lZJ9ny3fYnVqxiegrlNrEmgLjbTCAY=
github.com/subosito/gotenv v1.6.0 h1:9NlTDc1FTs4qu0DDq7AEtTPNw6SVm7uBMsUCUjABIf8=
github.com/subosito/gotenv v1.6.0/go.mod h1:Dk4QP5c2W3ibzajGcXpNraDfq2IrhjMIvMSWPKKo0FU=
go.uber.org/dig v1.19.0 h1:BACLhebsYdpQ7IROQ1AGPjrXcP5dF80U3gKoFzbaq/4=
go.uber.org/dig v1.19.0/go.mod h1:Us0rSJiThwCv2GteUN0Q7OKvU7n5J4dxZ9JKUXozFdE=
go.yaml.in/yaml/v3 v3.0.4 h1:tfq32ie2Jv2UxXFdLJdh3jXuOzWiL1fo0bu/FbuKpbc=
go.yaml.in/yaml/v3 v3.0.4/go.mod h1:DhzuOOF2ATzADvBadXxruRBLzYTpT36CKvDb3+aBEFg=
golang.org/x/sys v0.35.0 h1:vz1N37gP5bs89s7He8XuIYXpyY0+QlsKmzipCbUtyxI=
golang.org/x/sys v0.35.0/go.mod h1:BJP2sWEmIv4KK5OTEluFJCKSidICx8ciO85XgH3Ak8k=
golang.org/x/sys v0.42.0 h1:omrd2nAlyT5ESRdCLYdm3+fMfNFE/+Rf4bDIQImRJeo=
golang.org/x/sys v0.42.0/go.mod h1:4GL1E5IUh+htKOUEOaiffhrAeqysfVGipDYzABqnCmw=
golang.org/x/text v0.28.0 h1:rhazDwis8INMIwQ4tpjLDzUhx6RlXqZNPEM0huQojng=
golang.org/x/text v0.28.0/go.mod h1:U8nCwOR8jO/marOQ0QbDiOngZVEBB7MAiitBuMjXiNU=
golang.org/x/text v0.35.0 h1:JOVx6vVDFokkpaq1AEptVzLTpDe9KGpj5tR4/X+ybL8=
golang.org/x/text v0.35.0/go.mod h1:khi/HExzZJ2pGnjenulevKNX1W67CUy0AsXcNubPGCA=
gopkg.in/check.v1 v0.0.0-20161208181325-20d25e280405/go.mod h1:Co6ibVJAznAaIkqp8huTwlJQCZ016jof/cbN4VW5Yz0=
